
Microsoft Visual Studio Solution File, Format Version 12.00
# Visual Studio Version 16
VisualStudioVersion = 16.0.31515.178
MinimumVisualStudioVersion = 10.0.40219.1
Project("{9A19103F-16F7-4668-BE54-9A1E7A4F7556}") = "DZ3.1", "DZ3.1\DZ3.1.csproj", "{EBDC63E8-51F1-48F2-AFB9-CC9068614223}"
EndProject
Project("{FAE04EC0-301F-11D3-BF4B-00C04F79EFBC}") = "DZ2", "DZ2\DZ2.csproj", "{9341987C-6339-4BB4-B791-12F52818FA53}"
EndProject
Project("{FAE04EC0-301F-11D3-BF4B-00C04F79EFBC}") = "DZ3", "DZ3\DZ3.csproj", "{5C363985-1320-48CC-9F88-2377EA0C65FF}"
EndProject
Global
	GlobalSection(SolutionConfigurationPlatforms) = preSolution
		Debug|Any CPU = Debug|Any CPU
		Release|Any CPU = Release|Any CPU
	EndGlobalSection
	GlobalSection(ProjectConfigurationPlatforms) = postSolution
		{EBDC63E8-51F1-48F2-AFB9-CC9068614223}.Debug|Any CPU.ActiveCfg = Debug|Any CPU
		{EBDC63E8-51F1-48F2-AFB9-CC9068614223}.Debug|Any CPU.Build.0 = Debug|Any CPU
		{EBDC63E8-51F1-48F2-AFB9-CC9068614223}.Release|Any CPU.ActiveCfg = Release|Any CPU
		{EBDC63E8-51F1-48F2-AFB9-CC9068614223}.Release|Any CPU.Build.0 = Release|Any CPU
		{9341987C-6339-4BB4-B791-12F52818FA53}.Debug|Any CPU.ActiveCfg = Debug|Any CPU
		{9341987C-6339-4BB4-B791-12F52818FA53}.Debug|Any CPU.Build.0 = Debug|Any CPU
		{9341987C-6339-4BB4-B791-12F52818FA53}.Release|Any CPU.ActiveCfg = Release|Any CPU
		{9341987C-6339-4BB4-B791-12F52818FA53}.Release|Any CPU.Build.0 = Release|Any CPU
		{5C363985-1320-48CC-9F88-2377EA0C65FF}.Debug|Any CPU.ActiveCfg = Debug|Any CPU
		{5C363985-1320-48CC-9F88-2377EA0C65FF}.Debug|Any CPU.Build.0 = Debug|Any CPU
		{5C363985-1320-48CC-9F88-2377EA0C65FF}.Release|Any CPU.ActiveCfg = Release|Any CPU
		{5C363985-1320-48CC-9F88-2377EA0C65FF}.Release|Any CPU.Build.0 = Release|Any CPU
	EndGlobalSection
	GlobalSection(SolutionProperties) = preSolution
		HideSolutionNode = FALSE
	EndGlobalSection
	GlobalSection(ExtensibilityGlobals) = postSolution
		SolutionGuid = {329A5027-78B3-47BD-87B8-6132A138519F}
	EndGlobalSection
EndGlobal
